// !$*UTF8*$!
{
	archiveVersion = 1;
	classes = {
	};
	objectVersion = 56;
	objects = {

/* Begin PBXBuildFile section */
		17DE72B72A971A570086E0FF /* PandaWordApp.swift in Sources */ = {isa = PBXBuildFile; fileRef = 17DE72B62A971A570086E0FF /* PandaWordApp.swift */; };
		17DE72B92A971A570086E0FF /* ContentView.swift in Sources */ = {isa = PBXBuildFile; fileRef = 17DE72B82A971A570086E0FF /* ContentView.swift */; };
		17DE72BB2A971A580086E0FF /* Assets.xcassets in Resources */ = {isa = PBXBuildFile; fileRef = 17DE72BA2A971A580086E0FF /* Assets.xcassets */; };
		17DE72BF2A971A580086E0FF /* Preview Assets.xcassets in Resources */ = {isa = PBXBuildFile; fileRef = 17DE72BE2A971A580086E0FF /* Preview Assets.xcassets */; };
		17DE72C92A971A580086E0FF /* PandaWordTests.swift in Sources */ = {isa = PBXBuildFile; fileRef = 17DE72C82A971A580086E0FF /* PandaWordTests.swift */; };
		17DE72D32A971A580086E0FF /* PandaWordUITests.swift in Sources */ = {isa = PBXBuildFile; fileRef = 17DE72D22A971A580086E0FF /* PandaWordUITests.swift */; };
		17DE72D52A971A580086E0FF /* PandaWordUITestsLaunchTests.swift in Sources */ = {isa = PBXBuildFile; fileRef = 17DE72D42A971A580086E0FF /* PandaWordUITestsLaunchTests.swift */; };
/* End PBXBuildFile section */

/* Begin PBXContainerItemProxy section */
		17DE72C52A971A580086E0FF /* PBXContainerItemProxy */ = {
			isa = PBXContainerItemProxy;
			containerPortal = 17DE72AB2A971A570086E0FF /* Project object */;
			proxyType = 1;
			remoteGlobalIDString = 17DE72B22A971A570086E0FF;
			remoteInfo = PandaWord;
		};
		17DE72CF2A971A580086E0FF /* PBXContainerItemProxy */ = {
			isa = PBXContainerItemProxy;
			containerPortal = 17DE72AB2A971A570086E0FF /* Project object */;
			proxyType = 1;
			remoteGlobalIDString = 17DE72B22A971A570086E0FF;
			remoteInfo = PandaWord;
		};
/* End PBXContainerItemProxy section */

/* Begin PBXFileReference section */
		17DE72B32A971A570086E0FF /* PandaWord.app */ = {isa = PBXFileReference; explicitFileType = wrapper.application; includeInIndex = 0; path = PandaWord.app; sourceTree = BUILT_PRODUCTS_DIR; };
		17DE72B62A971A570086E0FF /* PandaWordApp.swift */ = {isa = PBXFileReference; lastKnownFileType = sourcecode.swift; path = PandaWordApp.swift; sourceTree = "<group>"; };
		17DE72B82A971A570086E0FF /* ContentView.swift */ = {isa = PBXFileReference; lastKnownFileType = sourcecode.swift; path = ContentView.swift; sourceTree = "<group>"; };
		17DE72BA2A971A580086E0FF /* Assets.xcassets */ = {isa = PBXFileReference; lastKnownFileType = folder.assetcatalog; path = Assets.xcassets; sourceTree = "<group>"; };
		17DE72BC2A971A580086E0FF /* PandaWord.entitlements */ = {isa = PBXFileReference; lastKnownFileType = text.plist.entitlements; path = PandaWord.entitlements; sourceTree = "<group>"; };
		17DE72BE2A971A580086E0FF /* Preview Assets.xcassets */ = {isa = PBXFileReference; lastKnownFileType = folder.assetcatalog; path = "Preview Assets.xcassets"; sourceTree = "<group>"; };
		17DE72C42A971A580086E0FF /* PandaWordTests.xctest */ = {isa = PBXFileReference; explicitFileType = wrapper.cfbundle; includeInIndex = 0; path = PandaWordTests.xctest; sourceTree = BUILT_PRODUCTS_DIR; };
		17DE72C82A971A580086E0FF /* PandaWordTests.swift */ = {isa = PBXFileReference; lastKnownFileType = sourcecode.swift; path = PandaWordTests.swift; sourceTree = "<group>"; };
		17DE72CE2A971A580086E0FF /* PandaWordUITests.xctest */ = {isa = PBXFileReference; explicitFileType = wrapper.cfbundle; includeInIndex = 0; path = PandaWordUITests.xctest; sourceTree = BUILT_PRODUCTS_DIR; };
		17DE72D22A971A580086E0FF /* PandaWordUITests.swift */ = {isa = PBXFileReference; lastKnownFileType = sourcecode.swift; path = PandaWordUITests.swift; sourceTree = "<group>"; };
		17DE72D42A971A580086E0FF /* PandaWordUITestsLaunchTests.swift */ = {isa = PBXFileReference; lastKnownFileType = sourcecode.swift; path = PandaWordUITestsLaunchTests.swift; sourceTree = "<group>"; };
/* End PBXFileReference section */

/* Begin PBXFrameworksBuildPhase section */
		17DE72B02A971A570086E0FF /* Frameworks */ = {
			isa = PBXFrameworksBuildPhase;
			buildActionMask = 2147483647;
			files = (
			);
			runOnlyForDeploymentPostprocessing = 0;
		};
		17DE72C12A971A580086E0FF /* Frameworks */ = {
			isa = PBXFrameworksBuildPhase;
			buildActionMask = 2147483647;
			files = (
			);
			runOnlyForDeploymentPostprocessing = 0;
		};
		17DE72CB2A971A580086E0FF /* Frameworks */ = {
			isa = PBXFrameworksBuildPhase;
			buildActionMask = 2147483647;
			files = (
			);
			runOnlyForDeploymentPostprocessing = 0;
		};
/* End PBXFrameworksBuildPhase section */

/* Begin PBXGroup section */
		17DE72AA2A971A570086E0FF = {
			isa = PBXGroup;
			children = (
				17DE72B52A971A570086E0FF /* PandaWord */,
				17DE72C72A971A580086E0FF /* PandaWordTests */,
				17DE72D12A971A580086E0FF /* PandaWordUITests */,
				17DE72B42A971A570086E0FF /* Products */,
			);
			sourceTree = "<group>";
		};
		17DE72B42A971A570086E0FF /* Products */ = {
			isa = PBXGroup;
			children = (
				17DE72B32A971A570086E0FF /* PandaWord.app */,
				17DE72C42A971A580086E0FF /* PandaWordTests.xctest */,
				17DE72CE2A971A580086E0FF /* PandaWordUITests.xctest */,
			);
			name = Products;
			sourceTree = "<group>";
		};
		17DE72B52A971A570086E0FF /* PandaWord */ = {
			isa = PBXGroup;
			children = (
				17DE72B62A971A570086E0FF /* PandaWordApp.swift */,
				17DE72B82A971A570086E0FF /* ContentView.swift */,
				17DE72BA2A971A580086E0FF /* Assets.xcassets */,
				17DE72BC2A971A580086E0FF /* PandaWord.entitlements */,
				17DE72BD2A971A580086E0FF /* Preview Content */,
			);
			path = PandaWord;
			sourceTree = "<group>";
		};
		17DE72BD2A971A580086E0FF /* Preview Content */ = {
			isa = PBXGroup;
			children = (
				17DE72BE2A971A580086E0FF /* Preview Assets.xcassets */,
			);
			path = "Preview Content";
			sourceTree = "<group>";
		};
		17DE72C72A971A580086E0FF /* PandaWordTests */ = {
			isa = PBXGroup;
			children = (
				17DE72C82A971A580086E0FF /* PandaWordTests.swift */,
			);
			path = PandaWordTests;
			sourceTree = "<group>";
		};
		17DE72D12A971A580086E0FF /* PandaWordUITests */ = {
			isa = PBXGroup;
			children = (
				17DE72D22A971A580086E0FF /* PandaWordUITests.swift */,
				17DE72D42A971A580086E0FF /* PandaWordUITestsLaunchTests.swift */,
			);
			path = PandaWordUITests;
			sourceTree = "<group>";
		};
/* End PBXGroup section */

/* Begin PBXNativeTarget section */
		17DE72B22A971A570086E0FF /* PandaWord */ = {
			isa = PBXNativeTarget;
			buildConfigurationList = 17DE72D82A971A580086E0FF /* Build configuration list for PBXNativeTarget "PandaWord" */;
			buildPhases = (
				17DE72AF2A971A570086E0FF /* Sources */,
				17DE72B02A971A570086E0FF /* Frameworks */,
				17DE72B12A971A570086E0FF /* Resources */,
			);
			buildRules = (
			);
			dependencies = (
			);
			name = PandaWord;
			productName = PandaWord;
			productReference = 17DE72B32A971A570086E0FF /* PandaWord.app */;
			productType = "com.apple.product-type.application";
		};
		17DE72C32A971A580086E0FF /* PandaWordTests */ = {
			isa = PBXNativeTarget;
			buildConfigurationList = 17DE72DB2A971A580086E0FF /* Build configuration list for PBXNativeTarget "PandaWordTests" */;
			buildPhases = (
				17DE72C02A971A580086E0FF /* Sources */,
				17DE72C12A971A580086E0FF /* Frameworks */,
				17DE72C22A971A580086E0FF /* Resources */,
			);
			buildRules = (
			);
			dependencies = (
				17DE72C62A971A580086E0FF /* PBXTargetDependency */,
			);
			name = PandaWordTests;
			productName = PandaWordTests;
			productReference = 17DE72C42A971A580086E0FF /* PandaWordTests.xctest */;
			productType = "com.apple.product-type.bundle.unit-test";
		};
		17DE72CD2A971A580086E0FF /* PandaWordUITests */ = {
			isa = PBXNativeTarget;
			buildConfigurationList = 17DE72DE2A971A580086E0FF /* Build configuration list for PBXNativeTarget "PandaWordUITests" */;
			buildPhases = (
				17DE72CA2A971A580086E0FF /* Sources */,
				17DE72CB2A971A580086E0FF /* Frameworks */,
				17DE72CC2A971A580086E0FF /* Resources */,
			);
			buildRules = (
			);
			dependencies = (
				17DE72D02A971A580086E0FF /* PBXTargetDependency */,
			);
			name = PandaWordUITests;
			productName = PandaWordUITests;
			productReference = 17DE72CE2A971A580086E0FF /* PandaWordUITests.xctest */;
			productType = "com.apple.product-type.bundle.ui-testing";
		};
/* End PBXNativeTarget section */

/* Begin PBXProject section */
		17DE72AB2A971A570086E0FF /* Project object */ = {
			isa = PBXProject;
			attributes = {
				BuildIndependentTargetsInParallel = 1;
				LastSwiftUpdateCheck = 1430;
				LastUpgradeCheck = 1430;
				TargetAttributes = {
					17DE72B22A971A570086E0FF = {
						CreatedOnToolsVersion = 14.3.1;
					};
					17DE72C32A971A580086E0FF = {
						CreatedOnToolsVersion = 14.3.1;
						TestTargetID = 17DE72B22A971A570086E0FF;
					};
					17DE72CD2A971A580086E0FF = {
						CreatedOnToolsVersion = 14.3.1;
						TestTargetID = 17DE72B22A971A570086E0FF;
					};
				};
			};
			buildConfigurationList = 17DE72AE2A971A570086E0FF /* Build configuration list for PBXProject "PandaWord" */;
			compatibilityVersion = "Xcode 14.0";
			developmentRegion = en;
			hasScannedForEncodings = 0;
			knownRegions = (
				en,
				Base,
			);
			mainGroup = 17DE72AA2A971A570086E0FF;
			productRefGroup = 17DE72B42A971A570086E0FF /* Products */;
			projectDirPath = "";
			projectRoot = "";
			targets = (
				17DE72B22A971A570086E0FF /* PandaWord */,
				17DE72C32A971A580086E0FF /* PandaWordTests */,
				17DE72CD2A971A580086E0FF /* PandaWordUITests */,
			);
		};
/* End PBXProject section */

/* Begin PBXResourcesBuildPhase section */
		17DE72B12A971A570086E0FF /* Resources */ = {
			isa = PBXResourcesBuildPhase;
			buildActionMask = 2147483647;
			files = (
				17DE72BF2A971A580086E0FF /* Preview Assets.xcassets in Resources */,
				17DE72BB2A971A580086E0FF /* Assets.xcassets in Resources */,
			);
			runOnlyForDeploymentPostprocessing = 0;
		};
		17DE72C22A971A580086E0FF /* Resources */ = {
			isa = PBXResourcesBuildPhase;
			buildActionMask = 2147483647;
			files = (
			);
			runOnlyForDeploymentPostprocessing = 0;
		};
		17DE72CC2A971A580086E0FF /* Resources */ = {
			isa = PBXResourcesBuildPhase;
			buildActionMask = 2147483647;
			files = (
			);
			runOnlyForDeploymentPostprocessing = 0;
		};
/* End PBXResourcesBuildPhase section */

/* Begin PBXSourcesBuildPhase section */
		17DE72AF2A971A570086E0FF /* Sources */ = {
			isa = PBXSourcesBuildPhase;
			buildActionMask = 2147483647;
			files = (
				17DE72B92A971A570086E0FF /* ContentView.swift in Sources */,
				17DE72B72A971A570086E0FF /* PandaWordApp.swift in Sources */,
			);
			runOnlyForDeploymentPostprocessing = 0;
		};
		17DE72C02A971A580086E0FF /* Sources */ = {
			isa = PBXSourcesBuildPhase;
			buildActionMask = 2147483647;
			files = (
				17DE72C92A971A580086E0FF /* PandaWordTests.swift in Sources */,
			);
			runOnlyForDeploymentPostprocessing = 0;
		};
		17DE72CA2A971A580086E0FF /* Sources */ = {
			isa = PBXSourcesBuildPhase;
			buildActionMask = 2147483647;
			files = (
				17DE72D32A971A580086E0FF /* PandaWordUITests.swift in Sources */,
				17DE72D52A971A580086E0FF /* PandaWordUITestsLaunchTests.swift in Sources */,
			);
			runOnlyForDeploymentPostprocessing = 0;
		};
/* End PBXSourcesBuildPhase section */

/* Begin PBXTargetDependency section */
		17DE72C62A971A580086E0FF /* PBXTargetDependency */ = {
			isa = PBXTargetDependency;
			target = 17DE72B22A971A570086E0FF /* PandaWord */;
			targetProxy = 17DE72C52A971A580086E0FF /* PBXContainerItemProxy */;
		};
		17DE72D02A971A580086E0FF /* PBXTargetDependency */ = {
			isa = PBXTargetDependency;
			target = 17DE72B22A971A570086E0FF /* PandaWord */;
			targetProxy = 17DE72CF2A971A580086E0FF /* PBXContainerItemProxy */;
		};
/* End PBXTargetDependency section */

/* Begin XCBuildConfiguration section */
		17DE72D62A971A580086E0FF /* Debug */ = {
			isa = XCBuildConfiguration;
			buildSettings = {
				ALWAYS_SEARCH_USER_PATHS = NO;
				CLANG_ANALYZER_NONNULL = YES;
				CLANG_ANALYZER_NUMBER_OBJECT_CONVERSION = YES_AGGRESSIVE;
				CLANG_CXX_LANGUAGE_STANDARD = "gnu++20";
				CLANG_ENABLE_MODULES = YES;
				CLANG_ENABLE_OBJC_ARC = YES;
				CLANG_ENABLE_OBJC_WEAK = YES;
				CLANG_WARN_BLOCK_CAPTURE_AUTORELEASING = YES;
				CLANG_WARN_BOOL_CONVERSION = YES;
				CLANG_WARN_COMMA = YES;
				CLANG_WARN_CONSTANT_CONVERSION = YES;
				CLANG_WARN_DEPRECATED_OBJC_IMPLEMENTATIONS = YES;
				CLANG_WARN_DIRECT_OBJC_ISA_USAGE = YES_ERROR;
				CLANG_WARN_DOCUMENTATION_COMMENTS = YES;
				CLANG_WARN_EMPTY_BODY = YES;
				CLANG_WARN_ENUM_CONVERSION = YES;
				CLANG_WARN_INFINITE_RECURSION = YES;
				CLANG_WARN_INT_CONVERSION = YES;
				CLANG_WARN_NON_LITERAL_NULL_CONVERSION = YES;
				CLANG_WARN_OBJC_IMPLICIT_RETAIN_SELF = YES;
				CLANG_WARN_OBJC_LITERAL_CONVERSION = YES;
				CLANG_WARN_OBJC_ROOT_CLASS = YES_ERROR;
				CLANG_WARN_QUOTED_INCLUDE_IN_FRAMEWORK_HEADER = YES;
				CLANG_WARN_RANGE_LOOP_ANALYSIS = YES;
				CLANG_WARN_STRICT_PROTOTYPES = YES;
				CLANG_WARN_SUSPICIOUS_MOVE = YES;
				CLANG_WARN_UNGUARDED_AVAILABILITY = YES_AGGRESSIVE;
				CLANG_WARN_UNREACHABLE_CODE = YES;
				CLANG_WARN__DUPLICATE_METHOD_MATCH = YES;
				COPY_PHASE_STRIP = NO;
				DEBUG_INFORMATION_FORMAT = dwarf;
				ENABLE_STRICT_OBJC_MSGSEND = YES;
				ENABLE_TESTABILITY = YES;
				GCC_C_LANGUAGE_STANDARD = gnu11;
				GCC_DYNAMIC_NO_PIC = NO;
				GCC_NO_COMMON_BLOCKS = YES;
				GCC_OPTIMIZATION_LEVEL = 0;
				GCC_PREPROCESSOR_DEFINITIONS = (
					"DEBUG=1",
					"$(inherited)",
				);
				GCC_WARN_64_TO_32_BIT_CONVERSION = YES;
				GCC_WARN_ABOUT_RETURN_TYPE = YES_ERROR;
				GCC_WARN_UNDECLARED_SELECTOR = YES;
				GCC_WARN_UNINITIALIZED_AUTOS = YES_AGGRESSIVE;
				GCC_WARN_UNUSED_FUNCTION = YES;
				GCC_WARN_UNUSED_VARIABLE = YES;
				MTL_ENABLE_DEBUG_INFO = INCLUDE_SOURCE;
				MTL_FAST_MATH = YES;
				ONLY_ACTIVE_ARCH = YES;
				SWIFT_ACTIVE_COMPILATION_CONDITIONS = DEBUG;
				SWIFT_OPTIMIZATION_LEVEL = "-Onone";
			};
			name = Debug;
		};
		17DE72D72A971A580086E0FF /* Release */ = {
			isa = XCBuildConfiguration;
			buildSettings = {
				ALWAYS_SEARCH_USER_PATHS = NO;
				CLANG_ANALYZER_NONNULL = YES;
				CLANG_ANALYZER_NUMBER_OBJECT_CONVERSION = YES_AGGRESSIVE;
				CLANG_CXX_LANGUAGE_STANDARD = "gnu++20";
				CLANG_ENABLE_MODULES = YES;
				CLANG_ENABLE_OBJC_ARC = YES;
				CLANG_ENABLE_OBJC_WEAK = YES;
				CLANG_WARN_BLOCK_CAPTURE_AUTORELEASING = YES;
				CLANG_WARN_BOOL_CONVERSION = YES;
				CLANG_WARN_COMMA = YES;
				CLANG_WARN_CONSTANT_CONVERSION = YES;
				CLANG_WARN_DEPRECATED_OBJC_IMPLEMENTATIONS = YES;
				CLANG_WARN_DIRECT_OBJC_ISA_USAGE = YES_ERROR;
				CLANG_WARN_DOCUMENTATION_COMMENTS = YES;
				CLANG_WARN_EMPTY_BODY = YES;
				CLANG_WARN_ENUM_CONVERSION = YES;
				CLANG_WARN_INFINITE_RECURSION = YES;
				CLANG_WARN_INT_CONVERSION = YES;
				CLANG_WARN_NON_LITERAL_NULL_CONVERSION = YES;
				CLANG_WARN_OBJC_IMPLICIT_RETAIN_SELF = YES;
				CLANG_WARN_OBJC_LITERAL_CONVERSION = YES;
				CLANG_WARN_OBJC_ROOT_CLASS = YES_ERROR;
				CLANG_WARN_QUOTED_INCLUDE_IN_FRAMEWORK_HEADER = YES;
				CLANG_WARN_RANGE_LOOP_ANALYSIS = YES;
				CLANG_WARN_STRICT_PROTOTYPES = YES;
				CLANG_WARN_SUSPICIOUS_MOVE = YES;
				CLANG_WARN_UNGUARDED_AVAILABILITY = YES_AGGRESSIVE;
				CLANG_WARN_UNREACHABLE_CODE = YES;
				CLANG_WARN__DUPLICATE_METHOD_MATCH = YES;
				COPY_PHASE_STRIP = NO;
				DEBUG_INFORMATION_FORMAT = "dwarf-with-dsym";
				ENABLE_NS_ASSERTIONS = NO;
				ENABLE_STRICT_OBJC_MSGSEND = YES;
				GCC_C_LANGUAGE_STANDARD = gnu11;
				GCC_NO_COMMON_BLOCKS = YES;
				GCC_WARN_64_TO_32_BIT_CONVERSION = YES;
				GCC_WARN_ABOUT_RETURN_TYPE = YES_ERROR;
				GCC_WARN_UNDECLARED_SELECTOR = YES;
				GCC_WARN_UNINITIALIZED_AUTOS = YES_AGGRESSIVE;
				GCC_WARN_UNUSED_FUNCTION = YES;
				GCC_WARN_UNUSED_VARIABLE = YES;
				MTL_ENABLE_DEBUG_INFO = NO;
				MTL_FAST_MATH = YES;
				SWIFT_COMPILATION_MODE = wholemodule;
				SWIFT_OPTIMIZATION_LEVEL = "-O";
			};
			name = Release;
		};
		17DE72D92A971A580086E0FF /* Debug */ = {
			isa = XCBuildConfiguration;
			buildSettings = {
				ASSETCATALOG_COMPILER_APPICON_NAME = AppIcon;
				ASSETCATALOG_COMPILER_GLOBAL_ACCENT_COLOR_NAME = AccentColor;
				CODE_SIGN_ENTITLEMENTS = PandaWord/PandaWord.entitlements;
				CODE_SIGN_STYLE = Automatic;
				CURRENT_PROJECT_VERSION = 1;
				DEVELOPMENT_ASSET_PATHS = "\"PandaWord/Preview Content\"";
				DEVELOPMENT_TEAM = 5T6J6JXF98;
				ENABLE_HARDENED_RUNTIME = YES;
				ENABLE_PREVIEWS = YES;
				GENERATE_INFOPLIST_FILE = YES;
				"INFOPLIST_KEY_UIApplicationSceneManifest_Generation[sdk=iphoneos*]" = YES;
				"INFOPLIST_KEY_UIApplicationSceneManifest_Generation[sdk=iphonesimulator*]" = YES;
				"INFOPLIST_KEY_UIApplicationSupportsIndirectInputEvents[sdk=iphoneos*]" = YES;
				"INFOPLIST_KEY_UIApplicationSupportsIndirectInputEvents[sdk=iphonesimulator*]" = YES;
				"INFOPLIST_KEY_UILaunchScreen_Generation[sdk=iphoneos*]" = YES;
				"INFOPLIST_KEY_UILaunchScreen_Generation[sdk=iphonesimulator*]" = YES;
				"INFOPLIST_KEY_UIStatusBarStyle[sdk=iphoneos*]" = UIStatusBarStyleDefault;
				"INFOPLIST_KEY_UIStatusBarStyle[sdk=iphonesimulator*]" = UIStatusBarStyleDefault;
				INFOPLIST_KEY_UISupportedInterfaceOrientations_iPad = "UIInterfaceOrientationPortrait UIInterfaceOrientationPortraitUpsideDown UIInterfaceOrientationLandscapeLeft UIInterfaceOrientationLandscapeRight";
				INFOPLIST_KEY_UISupportedInterfaceOrientations_iPhone = "UIInterfaceOrientationPortrait UIInterfaceOrientationLandscapeLeft UIInterfaceOrientationLandscapeRight";
				IPHONEOS_DEPLOYMENT_TARGET = 16.4;
				LD_RUNPATH_SEARCH_PATHS = "@executable_path/Frameworks";
				"LD_RUNPATH_SEARCH_PATHS[sdk=macosx*]" = "@executable_path/../Frameworks";
				MACOSX_DEPLOYMENT_TARGET = 13.3;
				MARKETING_VERSION = 1.0;
				PRODUCT_BUNDLE_IDENTIFIER = com.cybersight.PandaWord;
				PRODUCT_NAME = "$(TARGET_NAME)";
				SDKROOT = auto;
				SUPPORTED_PLATFORMS = "iphoneos iphonesimulator macosx";
				SWIFT_EMIT_LOC_STRINGS = YES;
				SWIFT_VERSION = 5.0;
				TARGETED_DEVICE_FAMILY = "1,2";
			};
			name = Debug;
		};
		17DE72DA2A971A580086E0FF /* Release */ = {
			isa = XCBuildConfiguration;
			buildSettings = {
				ASSETCATALOG_COMPILER_APPICON_NAME = AppIcon;
				ASSETCATALOG_COMPILER_GLOBAL_ACCENT_COLOR_NAME = AccentColor;
				CODE_SIGN_ENTITLEMENTS = PandaWord/PandaWord.entitlements;
				CODE_SIGN_STYLE = Automatic;
				CURRENT_PROJECT_VERSION = 1;
				DEVELOPMENT_ASSET_PATHS = "\"PandaWord/Preview Content\"";
				DEVELOPMENT_TEAM = 5T6J6JXF98;
				ENABLE_HARDENED_RUNTIME = YES;
				ENABLE_PREVIEWS = YES;
				GENERATE_INFOPLIST_FILE = YES;
				"INFOPLIST_KEY_UIApplicationSceneManifest_Generation[sdk=iphoneos*]" = YES;
				"INFOPLIST_KEY_UIApplicationSceneManifest_Generation[sdk=iphonesimulator*]" = YES;
				"INFOPLIST_KEY_UIApplicationSupportsIndirectInputEvents[sdk=iphoneos*]" = YES;
				"INFOPLIST_KEY_UIApplicationSupportsIndirectInputEvents[sdk=iphonesimulator*]" = YES;
				"INFOPLIST_KEY_UILaunchScreen_Generation[sdk=iphoneos*]" = YES;
				"INFOPLIST_KEY_UILaunchScreen_Generation[sdk=iphonesimulator*]" = YES;
				"INFOPLIST_KEY_UIStatusBarStyle[sdk=iphoneos*]" = UIStatusBarStyleDefault;
				"INFOPLIST_KEY_UIStatusBarStyle[sdk=iphonesimulator*]" = UIStatusBarStyleDefault;
				INFOPLIST_KEY_UISupportedInterfaceOrientations_iPad = "UIInterfaceOrientationPortrait UIInterfaceOrientationPortraitUpsideDown UIInterfaceOrientationLandscapeLeft UIInterfaceOrientationLandscapeRight";
				INFOPLIST_KEY_UISupportedInterfaceOrientations_iPhone = "UIInterfaceOrientationPortrait UIInterfaceOrientationLandscapeLeft UIInterfaceOrientationLandscapeRight";
				IPHONEOS_DEPLOYMENT_TARGET = 16.4;
				LD_RUNPATH_SEARCH_PATHS = "@executable_path/Frameworks";
				"LD_RUNPATH_SEARCH_PATHS[sdk=macosx*]" = "@executable_path/../Frameworks";
				MACOSX_DEPLOYMENT_TARGET = 13.3;
				MARKETING_VERSION = 1.0;
				PRODUCT_BUNDLE_IDENTIFIER = com.cybersight.PandaWord;
				PRODUCT_NAME = "$(TARGET_NAME)";
				SDKROOT = auto;
				SUPPORTED_PLATFORMS = "iphoneos iphonesimulator macosx";
				SWIFT_EMIT_LOC_STRINGS = YES;
				SWIFT_VERSION = 5.0;
				TARGETED_DEVICE_FAMILY = "1,2";
			};
			name = Release;
		};
		17DE72DC2A971A580086E0FF /* Debug */ = {
			isa = XCBuildConfiguration;
			buildSettings = {
				ALWAYS_EMBED_SWIFT_STANDARD_LIBRARIES = YES;
				BUNDLE_LOADER = "$(TEST_HOST)";
				CODE_SIGN_STYLE = Automatic;
				CURRENT_PROJECT_VERSION = 1;
				DEVELOPMENT_TEAM = 5T6J6JXF98;
				GENERATE_INFOPLIST_FILE = YES;
				IPHONEOS_DEPLOYMENT_TARGET = 16.4;
				MACOSX_DEPLOYMENT_TARGET = 13.3;
				MARKETING_VERSION = 1.0;
				PRODUCT_BUNDLE_IDENTIFIER = com.cybersight.PandaWordTests;
				PRODUCT_NAME = "$(TARGET_NAME)";
				SDKROOT = auto;
				SUPPORTED_PLATFORMS = "iphoneos iphonesimulator macosx";
				SWIFT_EMIT_LOC_STRINGS = NO;
				SWIFT_VERSION = 5.0;
				TARGETED_DEVICE_FAMILY = "1,2";
				TEST_HOST = "$(BUILT_PRODUCTS_DIR)/PandaWord.app/$(BUNDLE_EXECUTABLE_FOLDER_PATH)/PandaWord";
			};
			name = Debug;
		};
		17DE72DD2A971A580086E0FF /* Release */ = {
			isa = XCBuildConfiguration;
			buildSettings = {
				ALWAYS_EMBED_SWIFT_STANDARD_LIBRARIES = YES;
				BUNDLE_LOADER = "$(TEST_HOST)";
				CODE_SIGN_STYLE = Automatic;
				CURRENT_PROJECT_VERSION = 1;
				DEVELOPMENT_TEAM = 5T6J6JXF98;
				GENERATE_INFOPLIST_FILE = YES;
				IPHONEOS_DEPLOYMENT_TARGET = 16.4;
				MACOSX_DEPLOYMENT_TARGET = 13.3;
				MARKETING_VERSION = 1.0;
				PRODUCT_BUNDLE_IDENTIFIER = com.cybersight.PandaWordTests;
				PRODUCT_NAME = "$(TARGET_NAME)";
				SDKROOT = auto;
				SUPPORTED_PLATFORMS = "iphoneos iphonesimulator macosx";
				SWIFT_EMIT_LOC_STRINGS = NO;
				SWIFT_VERSION = 5.0;
				TARGETED_DEVICE_FAMILY = "1,2";
				TEST_HOST = "$(BUILT_PRODUCTS_DIR)/PandaWord.app/$(BUNDLE_EXECUTABLE_FOLDER_PATH)/PandaWord";
			};
			name = Release;
		};
		17DE72DF2A971A580086E0FF /* Debug */ = {
			isa = XCBuildConfiguration;
			buildSettings = {
				ALWAYS_EMBED_SWIFT_STANDARD_LIBRARIES = YES;
				CODE_SIGN_STYLE = Automatic;
				CURRENT_PROJECT_VERSION = 1;
				DEVELOPMENT_TEAM = 5T6J6JXF98;
				GENERATE_INFOPLIST_FILE = YES;
				IPHONEOS_DEPLOYMENT_TARGET = 16.4;
				MACOSX_DEPLOYMENT_TARGET = 13.3;
				MARKETING_VERSION = 1.0;
				PRODUCT_BUNDLE_IDENTIFIER = com.cybersight.PandaWordUITests;
				PRODUCT_NAME = "$(TARGET_NAME)";
				SDKROOT = auto;
				SUPPORTED_PLATFORMS = "iphoneos iphonesimulator macosx";
				SWIFT_EMIT_LOC_STRINGS = NO;
				SWIFT_VERSION = 5.0;
				TARGETED_DEVICE_FAMILY = "1,2";
				TEST_TARGET_NAME = PandaWord;
			};
			name = Debug;
		};
		17DE72E02A971A580086E0FF /* Release */ = {
			isa = XCBuildConfiguration;
			buildSettings = {
				ALWAYS_EMBED_SWIFT_STANDARD_LIBRARIES = YES;
				CODE_SIGN_STYLE = Automatic;
				CURRENT_PROJECT_VERSION = 1;
				DEVELOPMENT_TEAM = 5T6J6JXF98;
				GENERATE_INFOPLIST_FILE = YES;
				IPHONEOS_DEPLOYMENT_TARGET = 16.4;
				MACOSX_DEPLOYMENT_TARGET = 13.3;
				MARKETING_VERSION = 1.0;
				PRODUCT_BUNDLE_IDENTIFIER = com.cybersight.PandaWordUITests;
				PRODUCT_NAME = "$(TARGET_NAME)";
				SDKROOT = auto;
				SUPPORTED_PLATFORMS = "iphoneos iphonesimulator macosx";
				SWIFT_EMIT_LOC_STRINGS = NO;
				SWIFT_VERSION = 5.0;
				TARGETED_DEVICE_FAMILY = "1,2";
				TEST_TARGET_NAME = PandaWord;
			};
			name = Release;
		};
/* End XCBuildConfiguration section */

/* Begin XCConfigurationList section */
		17DE72AE2A971A570086E0FF /* Build configuration list for PBXProject "PandaWord" */ = {
			isa = XCConfigurationList;
			buildConfigurations = (
				17DE72D62A971A580086E0FF /* Debug */,
				17DE72D72A971A580086E0FF /* Release */,
			);
			defaultConfigurationIsVisible = 0;
			defaultConfigurationName = Release;
		};
		17DE72D82A971A580086E0FF /* Build configuration list for PBXNativeTarget "PandaWord" */ = {
			isa = XCConfigurationList;
			buildConfigurations = (
				17DE72D92A971A580086E0FF /* Debug */,
				17DE72DA2A971A580086E0FF /* Release */,
			);
			defaultConfigurationIsVisible = 0;
			defaultConfigurationName = Release;
		};
		17DE72DB2A971A580086E0FF /* Build configuration list for PBXNativeTarget "PandaWordTests" */ = {
			isa = XCConfigurationList;
			buildConfigurations = (
				17DE72DC2A971A580086E0FF /* Debug */,
				17DE72DD2A971A580086E0FF /* Release */,
			);
			defaultConfigurationIsVisible = 0;
			defaultConfigurationName = Release;
		};
		17DE72DE2A971A580086E0FF /* Build configuration list for PBXNativeTarget "PandaWordUITests" */ = {
			isa = XCConfigurationList;
			buildConfigurations = (
				17DE72DF2A971A580086E0FF /* Debug */,
				17DE72E02A971A580086E0FF /* Release */,
			);
			defaultConfigurationIsVisible = 0;
			defaultConfigurationName = Release;
		};
/* End XCConfigurationList section */
	};
	rootObject = 17DE72AB2A971A570086E0FF /* Project object */;
}
